PODS:
  - ThinkingDataCore (1.0.0):
    - ThinkingDataCore/Main (= 1.0.0)
  - ThinkingDataCore/iOS (1.0.0)
  - ThinkingDataCore/Main (1.0.0):
    - ThinkingDataCore/iOS
    - ThinkingDataCore/OSX
  - ThinkingDataPush (1.0.0):
    - ThinkingDataCore (= 1.0.0)

DEPENDENCIES:
  - ThinkingDataPush (from `../`)

SPEC REPOS:
  trunk:
    - ThinkingDataCore

EXTERNAL SOURCES:
  ThinkingDataPush:
    :path: "../"

SPEC CHECKSUMS:
  ThinkingDataCore: bbddbbb34d9fcee5ba6d92886a11c91f2f25cdfa
  ThinkingDataPush: 28c0243656ae9d1e0bcd7126fc5fa222e3da60b3

PODFILE CHECKSUM: 74fde59e3d41fd79b5b507fd2d26c98997bd3014

COCOAPODS: 1.12.1
