PODS:
  - ThinkingDataCore (1.0.1):
    - ThinkingDataCore/Main (= 1.0.1)
  - ThinkingDataCore/iOS (1.0.1)
  - ThinkingDataCore/Main (1.0.1):
    - ThinkingDataCore/iOS
    - ThinkingDataCore/OSX
  - ThinkingDataPush (1.0.0):
    - ThinkingDataCore (= 1.0.1)

DEPENDENCIES:
  - ThinkingDataPush (from `../`)

SPEC REPOS:
  trunk:
    - ThinkingDataCore

EXTERNAL SOURCES:
  ThinkingDataPush:
    :path: "../"

SPEC CHECKSUMS:
  ThinkingDataCore: 1ef8b754e80718e0533503d95045ab8a7e3ea6b3
  ThinkingDataPush: 32a2ed621da75f76d10d195d8d1f4ba1ae7cb3b1

PODFILE CHECKSUM: 74fde59e3d41fd79b5b507fd2d26c98997bd3014

COCOAPODS: 1.12.1
